// !$*UTF8*$!
{
	archiveVersion = 1;
	classes = {
	};
	objectVersion = 46;
	objects = {

/* Begin PBXBuildFile section */
		120301781E78177000834815 /* AppDelegate.swift in Sources */ = {isa = PBXBuildFile; fileRef = 120301771E78177000834815 /* AppDelegate.swift */; };
		1203017A1E78177000834815 /* ViewController.swift in Sources */ = {isa = PBXBuildFile; fileRef = 120301791E78177000834815 /* ViewController.swift */; };
		1203017D1E78177000834815 /* Main.storyboard in Resources */ = {isa = PBXBuildFile; fileRef = 1203017B1E78177000834815 /* Main.storyboard */; };
		1203017F1E78177000834815 /* Assets.xcassets in Resources */ = {isa = PBXBuildFile; fileRef = 1203017E1E78177000834815 /* Assets.xcassets */; };
		120301821E78177000834815 /* LaunchScreen.storyboard in Resources */ = {isa = PBXBuildFile; fileRef = 120301801E78177000834815 /* LaunchScreen.storyboard */; };
		1203018D1E78177100834815 /* ToDoListTests.swift in Sources */ = {isa = PBXBuildFile; fileRef = 1203018C1E78177100834815 /* ToDoListTests.swift */; };
		120301981E78177100834815 /* ToDoListUITests.swift in Sources */ = {isa = PBXBuildFile; fileRef = 120301971E78177100834815 /* ToDoListUITests.swift */; };
		12873F0D1E78251000A62676 /* ToDoTask.swift in Sources */ = {isa = PBXBuildFile; fileRef = 12873F0C1E78251000A62676 /* ToDoTask.swift */; };
		12873F101E782ED300A62676 /* TaskListViewController.swift in Sources */ = {isa = PBXBuildFile; fileRef = 12873F0F1E782ED300A62676 /* TaskListViewController.swift */; };
		12E1C4AB1E790DA900A186E8 /* ToDoTableViewCell.swift in Sources */ = {isa = PBXBuildFile; fileRef = 12E1C4AA1E790DA900A186E8 /* ToDoTableViewCell.swift */; };
		574134DB1710011784B84B5F /* Pods_ToDoListUITests.framework in Frameworks */ = {isa = PBXBuildFile; fileRef = FE0F058984A9FE2ED48DE8CD /* Pods_ToDoListUITests.framework */; };
		CD1DBE0EADB28BCD68709D6E /* Pods_ToDoList.framework in Frameworks */ = {isa = PBXBuildFile; fileRef = 43303F2CD8C270F03CAE335A /* Pods_ToDoList.framework */; };
		D06CC9A59694016191C222E3 /* Pods_ToDoListTests.framework in Frameworks */ = {isa = PBXBuildFile; fileRef = BA13DB57C38C0C49DDB26EF1 /* Pods_ToDoListTests.framework */; };
/* End PBXBuildFile section */

/* Begin PBXContainerItemProxy section */
		120301891E78177100834815 /* PBXContainerItemProxy */ = {
			isa = PBXContainerItemProxy;
			containerPortal = 1203016C1E78177000834815 /* Project object */;
			proxyType = 1;
			remoteGlobalIDString = 120301731E78177000834815;
			remoteInfo = ToDoList;
		};
		120301941E78177100834815 /* PBXContainerItemProxy */ = {
			isa = PBXContainerItemProxy;
			containerPortal = 1203016C1E78177000834815 /* Project object */;
			proxyType = 1;
			remoteGlobalIDString = 120301731E78177000834815;
			remoteInfo = ToDoList;
		};
/* End PBXContainerItemProxy section */

/* Begin PBXFileReference section */
		120301741E78177000834815 /* ToDoList.app */ = {isa = PBXFileReference; explicitFileType = wrapper.application; includeInIndex = 0; path = ToDoList.app; sourceTree = BUILT_PRODUCTS_DIR; };
		120301771E78177000834815 /* AppDelegate.swift */ = {isa = PBXFileReference; lastKnownFileType = sourcecode.swift; path = AppDelegate.swift; sourceTree = "<group>"; };
		120301791E78177000834815 /* ViewController.swift */ = {isa = PBXFileReference; lastKnownFileType = sourcecode.swift; path = ViewController.swift; sourceTree = "<group>"; };
		1203017C1E78177000834815 /* Base */ = {isa = PBXFileReference; lastKnownFileType = file.storyboard; name = Base; path = Base.lproj/Main.storyboard; sourceTree = "<group>"; };
		1203017E1E78177000834815 /* Assets.xcassets */ = {isa = PBXFileReference; lastKnownFileType = folder.assetcatalog; path = Assets.xcassets; sourceTree = "<group>"; };
		120301811E78177000834815 /* Base */ = {isa = PBXFileReference; lastKnownFileType = file.storyboard; name = Base; path = Base.lproj/LaunchScreen.storyboard; sourceTree = "<group>"; };
		120301831E78177000834815 /* Info.plist */ = {isa = PBXFileReference; lastKnownFileType = text.plist.xml; path = Info.plist; sourceTree = "<group>"; };
		120301881E78177100834815 /* ToDoListTests.xctest */ = {isa = PBXFileReference; explicitFileType = wrapper.cfbundle; includeInIndex = 0; path = ToDoListTests.xctest; sourceTree = BUILT_PRODUCTS_DIR; };
		1203018C1E78177100834815 /* ToDoListTests.swift */ = {isa = PBXFileReference; lastKnownFileType = sourcecode.swift; path = ToDoListTests.swift; sourceTree = "<group>"; };
		1203018E1E78177100834815 /* Info.plist */ = {isa = PBXFileReference; lastKnownFileType = text.plist.xml; path = Info.plist; sourceTree = "<group>"; };
		120301931E78177100834815 /* ToDoListUITests.xctest */ = {isa = PBXFileReference; explicitFileType = wrapper.cfbundle; includeInIndex = 0; path = ToDoListUITests.xctest; sourceTree = BUILT_PRODUCTS_DIR; };
		120301971E78177100834815 /* ToDoListUITests.swift */ = {isa = PBXFileReference; lastKnownFileType = sourcecode.swift; path = ToDoListUITests.swift; sourceTree = "<group>"; };
		120301991E78177100834815 /* Info.plist */ = {isa = PBXFileReference; lastKnownFileType = text.plist.xml; path = Info.plist; sourceTree = "<group>"; };
		12873F0C1E78251000A62676 /* ToDoTask.swift */ = {isa = PBXFileReference; fileEncoding = 4; lastKnownFileType = sourcecode.swift; name = ToDoTask.swift; path = Data/ToDoTask.swift; sourceTree = "<group>"; };
		12873F0F1E782ED300A62676 /* TaskListViewController.swift */ = {isa = PBXFileReference; fileEncoding = 4; lastKnownFileType = sourcecode.swift; name = TaskListViewController.swift; path = ViewController/TaskListViewController.swift; sourceTree = "<group>"; };
		12E1C4AA1E790DA900A186E8 /* ToDoTableViewCell.swift */ = {isa = PBXFileReference; fileEncoding = 4; lastKnownFileType = sourcecode.swift; name = ToDoTableViewCell.swift; path = CustomView/ToDoTableViewCell.swift; sourceTree = "<group>"; };
		22C79454C529F99C08FB1301 /* Pods-ToDoListTests.debug.xcconfig */ = {isa = PBXFileReference; includeInIndex = 1; lastKnownFileType = text.xcconfig; name = "Pods-ToDoListTests.debug.xcconfig"; path = "Pods/Target Support Files/Pods-ToDoListTests/Pods-ToDoListTests.debug.xcconfig"; sourceTree = "<group>"; };
		43303F2CD8C270F03CAE335A /* Pods_ToDoList.framework */ = {isa = PBXFileReference; explicitFileType = wrapper.framework; includeInIndex = 0; path = Pods_ToDoList.framework; sourceTree = BUILT_PRODUCTS_DIR; };
		6860F9EFCB02F1C56D84BCEC /* Pods-ToDoListUITests.debug.xcconfig */ = {isa = PBXFileReference; includeInIndex = 1; lastKnownFileType = text.xcconfig; name = "Pods-ToDoListUITests.debug.xcconfig"; path = "Pods/Target Support Files/Pods-ToDoListUITests/Pods-ToDoListUITests.debug.xcconfig"; sourceTree = "<group>"; };
		6923EF23347D9B416253F7F9 /* Pods-ToDoListUITests.release.xcconfig */ = {isa = PBXFileReference; includeInIndex = 1; lastKnownFileType = text.xcconfig; name = "Pods-ToDoListUITests.release.xcconfig"; path = "Pods/Target Support Files/Pods-ToDoListUITests/Pods-ToDoListUITests.release.xcconfig"; sourceTree = "<group>"; };
		8B1057F0EF3E1B79B9FBF399 /* Pods-ToDoList.debug.xcconfig */ = {isa = PBXFileReference; includeInIndex = 1; lastKnownFileType = text.xcconfig; name = "Pods-ToDoList.debug.xcconfig"; path = "Pods/Target Support Files/Pods-ToDoList/Pods-ToDoList.debug.xcconfig"; sourceTree = "<group>"; };
		98C7126F2B257F8B083429F8 /* Pods-ToDoList.release.xcconfig */ = {isa = PBXFileReference; includeInIndex = 1; lastKnownFileType = text.xcconfig; name = "Pods-ToDoList.release.xcconfig"; path = "Pods/Target Support Files/Pods-ToDoList/Pods-ToDoList.release.xcconfig"; sourceTree = "<group>"; };
		BA13DB57C38C0C49DDB26EF1 /* Pods_ToDoListTests.framework */ = {isa = PBXFileReference; explicitFileType = wrapper.framework; includeInIndex = 0; path = Pods_ToDoListTests.framework; sourceTree = BUILT_PRODUCTS_DIR; };
		C8D86D251BC7080C2260E996 /* Pods-ToDoListTests.release.xcconfig */ = {isa = PBXFileReference; includeInIndex = 1; lastKnownFileType = text.xcconfig; name = "Pods-ToDoListTests.release.xcconfig"; path = "Pods/Target Support Files/Pods-ToDoListTests/Pods-ToDoListTests.release.xcconfig"; sourceTree = "<group>"; };
		FE0F058984A9FE2ED48DE8CD /* Pods_ToDoListUITests.framework */ = {isa = PBXFileReference; explicitFileType = wrapper.framework; includeInIndex = 0; path = Pods_ToDoListUITests.framework; sourceTree = BUILT_PRODUCTS_DIR; };
/* End PBXFileReference section */

/* Begin PBXFrameworksBuildPhase section */
		120301711E78177000834815 /* Frameworks */ = {
			isa = PBXFrameworksBuildPhase;
			buildActionMask = 2147483647;
			files = (
				CD1DBE0EADB28BCD68709D6E /* Pods_ToDoList.framework in Frameworks */,
			);
			runOnlyForDeploymentPostprocessing = 0;
		};
		120301851E78177100834815 /* Frameworks */ = {
			isa = PBXFrameworksBuildPhase;
			buildActionMask = 2147483647;
			files = (
				D06CC9A59694016191C222E3 /* Pods_ToDoListTests.framework in Frameworks */,
			);
			runOnlyForDeploymentPostprocessing = 0;
		};
		120301901E78177100834815 /* Frameworks */ = {
			isa = PBXFrameworksBuildPhase;
			buildActionMask = 2147483647;
			files = (
				574134DB1710011784B84B5F /* Pods_ToDoListUITests.framework in Frameworks */,
			);
			runOnlyForDeploymentPostprocessing = 0;
		};
/* End PBXFrameworksBuildPhase section */

/* Begin PBXGroup section */
		1203016B1E78177000834815 = {
			isa = PBXGroup;
			children = (
				120301761E78177000834815 /* ToDoList */,
				1203018B1E78177100834815 /* ToDoListTests */,
				120301961E78177100834815 /* ToDoListUITests */,
				120301751E78177000834815 /* Products */,
				E9DA9C850A36A2E130B21DA5 /* Pods */,
				471C070AA952B80BFD87653F /* Frameworks */,
			);
			sourceTree = "<group>";
		};
		120301751E78177000834815 /* Products */ = {
			isa = PBXGroup;
			children = (
				120301741E78177000834815 /* ToDoList.app */,
				120301881E78177100834815 /* ToDoListTests.xctest */,
				120301931E78177100834815 /* ToDoListUITests.xctest */,
			);
			name = Products;
			sourceTree = "<group>";
		};
		120301761E78177000834815 /* ToDoList */ = {
			isa = PBXGroup;
			children = (
				12E1C4A91E790D7300A186E8 /* CustomView */,
				12873F0E1E782EAD00A62676 /* ViewController */,
				12873F0B1E7824E900A62676 /* Data */,
				120301771E78177000834815 /* AppDelegate.swift */,
				120301791E78177000834815 /* ViewController.swift */,
				1203017B1E78177000834815 /* Main.storyboard */,
				1203017E1E78177000834815 /* Assets.xcassets */,
				120301801E78177000834815 /* LaunchScreen.storyboard */,
				120301831E78177000834815 /* Info.plist */,
			);
			path = ToDoList;
			sourceTree = "<group>";
		};
		1203018B1E78177100834815 /* ToDoListTests */ = {
			isa = PBXGroup;
			children = (
				1203018C1E78177100834815 /* ToDoListTests.swift */,
				1203018E1E78177100834815 /* Info.plist */,
			);
			path = ToDoListTests;
			sourceTree = "<group>";
		};
		120301961E78177100834815 /* ToDoListUITests */ = {
			isa = PBXGroup;
			children = (
				120301971E78177100834815 /* ToDoListUITests.swift */,
				120301991E78177100834815 /* Info.plist */,
			);
			path = ToDoListUITests;
			sourceTree = "<group>";
		};
		12873F0B1E7824E900A62676 /* Data */ = {
			isa = PBXGroup;
			children = (
				12873F0C1E78251000A62676 /* ToDoTask.swift */,
			);
			name = Data;
			sourceTree = "<group>";
		};
		12873F0E1E782EAD00A62676 /* ViewController */ = {
			isa = PBXGroup;
			children = (
				12873F0F1E782ED300A62676 /* TaskListViewController.swift */,
			);
			name = ViewController;
			sourceTree = "<group>";
		};
		12E1C4A91E790D7300A186E8 /* CustomView */ = {
			isa = PBXGroup;
			children = (
				12E1C4AA1E790DA900A186E8 /* ToDoTableViewCell.swift */,
			);
			name = CustomView;
			sourceTree = "<group>";
		};
		471C070AA952B80BFD87653F /* Frameworks */ = {
			isa = PBXGroup;
			children = (
				43303F2CD8C270F03CAE335A /* Pods_ToDoList.framework */,
				BA13DB57C38C0C49DDB26EF1 /* Pods_ToDoListTests.framework */,
				FE0F058984A9FE2ED48DE8CD /* Pods_ToDoListUITests.framework */,
			);
			name = Frameworks;
			sourceTree = "<group>";
		};
		E9DA9C850A36A2E130B21DA5 /* Pods */ = {
			isa = PBXGroup;
			children = (
				8B1057F0EF3E1B79B9FBF399 /* Pods-ToDoList.debug.xcconfig */,
				98C7126F2B257F8B083429F8 /* Pods-ToDoList.release.xcconfig */,
				22C79454C529F99C08FB1301 /* Pods-ToDoListTests.debug.xcconfig */,
				C8D86D251BC7080C2260E996 /* Pods-ToDoListTests.release.xcconfig */,
				6860F9EFCB02F1C56D84BCEC /* Pods-ToDoListUITests.debug.xcconfig */,
				6923EF23347D9B416253F7F9 /* Pods-ToDoListUITests.release.xcconfig */,
			);
			name = Pods;
			sourceTree = "<group>";
		};
/* End PBXGroup section */

/* Begin PBXNativeTarget section */
		120301731E78177000834815 /* ToDoList */ = {
			isa = PBXNativeTarget;
			buildConfigurationList = 1203019C1E78177100834815 /* Build configuration list for PBXNativeTarget "ToDoList" */;
			buildPhases = (
				1F1BB094CA67855B767B58EA /* [CP] Check Pods Manifest.lock */,
				120301701E78177000834815 /* Sources */,
				120301711E78177000834815 /* Frameworks */,
				120301721E78177000834815 /* Resources */,
				43E9A54623EA78E94BA35E02 /* [CP] Embed Pods Frameworks */,
				32D28EAA846185B34E94BD26 /* [CP] Copy Pods Resources */,
			);
			buildRules = (
			);
			dependencies = (
			);
			name = ToDoList;
			productName = ToDoList;
			productReference = 120301741E78177000834815 /* ToDoList.app */;
			productType = "com.apple.product-type.application";
		};
		120301871E78177100834815 /* ToDoListTests */ = {
			isa = PBXNativeTarget;
			buildConfigurationList = 1203019F1E78177100834815 /* Build configuration list for PBXNativeTarget "ToDoListTests" */;
			buildPhases = (
				AD92D1387A7031D7EE8AB6D6 /* [CP] Check Pods Manifest.lock */,
				120301841E78177100834815 /* Sources */,
				120301851E78177100834815 /* Frameworks */,
				120301861E78177100834815 /* Resources */,
				A5F036DCBB22E6081B87DBCF /* [CP] Embed Pods Frameworks */,
				215186E7221FD76D81954BE6 /* [CP] Copy Pods Resources */,
			);
			buildRules = (
			);
			dependencies = (
				1203018A1E78177100834815 /* PBXTargetDependency */,
			);
			name = ToDoListTests;
			productName = ToDoListTests;
			productReference = 120301881E78177100834815 /* ToDoListTests.xctest */;
			productType = "com.apple.product-type.bundle.unit-test";
		};
		120301921E78177100834815 /* ToDoListUITests */ = {
			isa = PBXNativeTarget;
			buildConfigurationList = 120301A21E78177100834815 /* Build configuration list for PBXNativeTarget "ToDoListUITests" */;
			buildPhases = (
				515A36B24E23C7723CEAD2F3 /* [CP] Check Pods Manifest.lock */,
				1203018F1E78177100834815 /* Sources */,
				120301901E78177100834815 /* Frameworks */,
				120301911E78177100834815 /* Resources */,
				262AFD8A801EC3A7B838D9E4 /* [CP] Embed Pods Frameworks */,
				7CAFBED5E45362678875D4CD /* [CP] Copy Pods Resources */,
			);
			buildRules = (
			);
			dependencies = (
				120301951E78177100834815 /* PBXTargetDependency */,
			);
			name = ToDoListUITests;
			productName = ToDoListUITests;
			productReference = 120301931E78177100834815 /* ToDoListUITests.xctest */;
			productType = "com.apple.product-type.bundle.ui-testing";
		};
/* End PBXNativeTarget section */

/* Begin PBXProject section */
		1203016C1E78177000834815 /* Project object */ = {
			isa = PBXProject;
			attributes = {
				LastSwiftUpdateCheck = 0820;
				LastUpgradeCheck = 0820;
				ORGANIZATIONNAME = "Keerthi Shekar G";
				TargetAttributes = {
					120301731E78177000834815 = {
						CreatedOnToolsVersion = 8.2.1;
						ProvisioningStyle = Automatic;
					};
					120301871E78177100834815 = {
						CreatedOnToolsVersion = 8.2.1;
						ProvisioningStyle = Automatic;
						TestTargetID = 120301731E78177000834815;
					};
					120301921E78177100834815 = {
						CreatedOnToolsVersion = 8.2.1;
						ProvisioningStyle = Automatic;
						TestTargetID = 120301731E78177000834815;
					};
				};
			};
			buildConfigurationList = 1203016F1E78177000834815 /* Build configuration list for PBXProject "ToDoList" */;
			compatibilityVersion = "Xcode 3.2";
			developmentRegion = English;
			hasScannedForEncodings = 0;
			knownRegions = (
				en,
				Base,
			);
			mainGroup = 1203016B1E78177000834815;
			productRefGroup = 120301751E78177000834815 /* Products */;
			projectDirPath = "";
			projectRoot = "";
			targets = (
				120301731E78177000834815 /* ToDoList */,
				120301871E78177100834815 /* ToDoListTests */,
				120301921E78177100834815 /* ToDoListUITests */,
			);
		};
/* End PBXProject section */

/* Begin PBXResourcesBuildPhase section */
		120301721E78177000834815 /* Resources */ = {
			isa = PBXResourcesBuildPhase;
			buildActionMask = 2147483647;
			files = (
				120301821E78177000834815 /* LaunchScreen.storyboard in Resources */,
				1203017F1E78177000834815 /* Assets.xcassets in Resources */,
				1203017D1E78177000834815 /* Main.storyboard in Resources */,
			);
			runOnlyForDeploymentPostprocessing = 0;
		};
		120301861E78177100834815 /* Resources */ = {
			isa = PBXResourcesBuildPhase;
			buildActionMask = 2147483647;
			files = (
			);
			runOnlyForDeploymentPostprocessing = 0;
		};
		120301911E78177100834815 /* Resources */ = {
			isa = PBXResourcesBuildPhase;
			buildActionMask = 2147483647;
			files = (
			);
			runOnlyForDeploymentPostprocessing = 0;
		};
/* End PBXResourcesBuildPhase section */

/* Begin PBXShellScriptBuildPhase section */
		1F1BB094CA67855B767B58EA /* [CP] Check Pods Manifest.lock */ = {
			isa = PBXShellScriptBuildPhase;
			buildActionMask = 2147483647;
			files = (
			);
			inputPaths = (
			);
			name = "[CP] Check Pods Manifest.lock";
			outputPaths = (
			);
			runOnlyForDeploymentPostprocessing = 0;
			shellPath = /bin/sh;
			shellScript = "diff \"${PODS_ROOT}/../Podfile.lock\" \"${PODS_ROOT}/Manifest.lock\" > /dev/null\nif [ $? != 0 ] ; then\n    # print error to STDERR\n    echo \"error: The sandbox is not in sync with the Podfile.lock. Run 'pod install' or update your CocoaPods installation.\" >&2\n    exit 1\nfi\n";
			showEnvVarsInLog = 0;
		};
		215186E7221FD76D81954BE6 /* [CP] Copy Pods Resources */ = {
			isa = PBXShellScriptBuildPhase;
			buildActionMask = 2147483647;
			files = (
			);
			inputPaths = (
			);
			name = "[CP] Copy Pods Resources";
			outputPaths = (
			);
			runOnlyForDeploymentPostprocessing = 0;
			shellPath = /bin/sh;
			shellScript = "\"${SRCROOT}/Pods/Target Support Files/Pods-ToDoListTests/Pods-ToDoListTests-resources.sh\"\n";
			showEnvVarsInLog = 0;
		};
		262AFD8A801EC3A7B838D9E4 /* [CP] Embed Pods Frameworks */ = {
			isa = PBXShellScriptBuildPhase;
			buildActionMask = 2147483647;
			files = (
			);
			inputPaths = (
			);
			name = "[CP] Embed Pods Frameworks";
			outputPaths = (
			);
			runOnlyForDeploymentPostprocessing = 0;
			shellPath = /bin/sh;
			shellScript = "\"${SRCROOT}/Pods/Target Support Files/Pods-ToDoListUITests/Pods-ToDoListUITests-frameworks.sh\"\n";
			showEnvVarsInLog = 0;
		};
		32D28EAA846185B34E94BD26 /* [CP] Copy Pods Resources */ = {
			isa = PBXShellScriptBuildPhase;
			buildActionMask = 2147483647;
			files = (
			);
			inputPaths = (
			);
			name = "[CP] Copy Pods Resources";
			outputPaths = (
			);
			runOnlyForDeploymentPostprocessing = 0;
			shellPath = /bin/sh;
			shellScript = "\"${SRCROOT}/Pods/Target Support Files/Pods-ToDoList/Pods-ToDoList-resources.sh\"\n";
			showEnvVarsInLog = 0;
		};
		43E9A54623EA78E94BA35E02 /* [CP] Embed Pods Frameworks */ = {
			isa = PBXShellScriptBuildPhase;
			buildActionMask = 2147483647;
			files = (
			);
			inputPaths = (
			);
			name = "[CP] Embed Pods Frameworks";
			outputPaths = (
			);
			runOnlyForDeploymentPostprocessing = 0;
			shellPath = /bin/sh;
			shellScript = "\"${SRCROOT}/Pods/Target Support Files/Pods-ToDoList/Pods-ToDoList-frameworks.sh\"\n";
			showEnvVarsInLog = 0;
		};
		515A36B24E23C7723CEAD2F3 /* [CP] Check Pods Manifest.lock */ = {
			isa = PBXShellScriptBuildPhase;
			buildActionMask = 2147483647;
			files = (
			);
			inputPaths = (
			);
			name = "[CP] Check Pods Manifest.lock";
			outputPaths = (
			);
			runOnlyForDeploymentPostprocessing = 0;
			shellPath = /bin/sh;
			shellScript = "diff \"${PODS_ROOT}/../Podfile.lock\" \"${PODS_ROOT}/Manifest.lock\" > /dev/null\nif [ $? != 0 ] ; then\n    # print error to STDERR\n    echo \"error: The sandbox is not in sync with the Podfile.lock. Run 'pod install' or update your CocoaPods installation.\" >&2\n    exit 1\nfi\n";
			showEnvVarsInLog = 0;
		};
		7CAFBED5E45362678875D4CD /* [CP] Copy Pods Resources */ = {
			isa = PBXShellScriptBuildPhase;
			buildActionMask = 2147483647;
			files = (
			);
			inputPaths = (
			);
			name = "[CP] Copy Pods Resources";
			outputPaths = (
			);
			runOnlyForDeploymentPostprocessing = 0;
			shellPath = /bin/sh;
			shellScript = "\"${SRCROOT}/Pods/Target Support Files/Pods-ToDoListUITests/Pods-ToDoListUITests-resources.sh\"\n";
			showEnvVarsInLog = 0;
		};
		A5F036DCBB22E6081B87DBCF /* [CP] Embed Pods Frameworks */ = {
			isa = PBXShellScriptBuildPhase;
			buildActionMask = 2147483647;
			files = (
			);
			inputPaths = (
			);
			name = "[CP] Embed Pods Frameworks";
			outputPaths = (
			);
			runOnlyForDeploymentPostprocessing = 0;
			shellPath = /bin/sh;
			shellScript = "\"${SRCROOT}/Pods/Target Support Files/Pods-ToDoListTests/Pods-ToDoListTests-frameworks.sh\"\n";
			showEnvVarsInLog = 0;
		};
		AD92D1387A7031D7EE8AB6D6 /* [CP] Check Pods Manifest.lock */ = {
			isa = PBXShellScriptBuildPhase;
			buildActionMask = 2147483647;
			files = (
			);
			inputPaths = (
			);
			name = "[CP] Check Pods Manifest.lock";
			outputPaths = (
			);
			runOnlyForDeploymentPostprocessing = 0;
			shellPath = /bin/sh;
			shellScript = "diff \"${PODS_ROOT}/../Podfile.lock\" \"${PODS_ROOT}/Manifest.lock\" > /dev/null\nif [ $? != 0 ] ; then\n    # print error to STDERR\n    echo \"error: The sandbox is not in sync with the Podfile.lock. Run 'pod install' or update your CocoaPods installation.\" >&2\n    exit 1\nfi\n";
			showEnvVarsInLog = 0;
		};
/* End PBXShellScriptBuildPhase section */

/* Begin PBXSourcesBuildPhase section */
		120301701E78177000834815 /* Sources */ = {
			isa = PBXSourcesBuildPhase;
			buildActionMask = 2147483647;
			files = (
				12873F0D1E78251000A62676 /* ToDoTask.swift in Sources */,
				12873F101E782ED300A62676 /* TaskListViewController.swift in Sources */,
				1203017A1E78177000834815 /* ViewController.swift in Sources */,
				120301781E78177000834815 /* AppDelegate.swift in Sources */,
				12E1C4AB1E790DA900A186E8 /* ToDoTableViewCell.swift in Sources */,
			);
			runOnlyForDeploymentPostprocessing = 0;
		};
		120301841E78177100834815 /* Sources */ = {
			isa = PBXSourcesBuildPhase;
			buildActionMask = 2147483647;
			files = (
				1203018D1E78177100834815 /* ToDoListTests.swift in Sources */,
			);
			runOnlyForDeploymentPostprocessing = 0;
		};
		1203018F1E78177100834815 /* Sources */ = {
			isa = PBXSourcesBuildPhase;
			buildActionMask = 2147483647;
			files = (
				120301981E78177100834815 /* ToDoListUITests.swift in Sources */,
			);
			runOnlyForDeploymentPostprocessing = 0;
		};
/* End PBXSourcesBuildPhase section */

/* Begin PBXTargetDependency section */
		1203018A1E78177100834815 /* PBXTargetDependency */ = {
			isa = PBXTargetDependency;
			target = 120301731E78177000834815 /* ToDoList */;
			targetProxy = 120301891E78177100834815 /* PBXContainerItemProxy */;
		};
		120301951E78177100834815 /* PBXTargetDependency */ = {
			isa = PBXTargetDependency;
			target = 120301731E78177000834815 /* ToDoList */;
			targetProxy = 120301941E78177100834815 /* PBXContainerItemProxy */;
		};
/* End PBXTargetDependency section */

/* Begin PBXVariantGroup section */
		1203017B1E78177000834815 /* Main.storyboard */ = {
			isa = PBXVariantGroup;
			children = (
				1203017C1E78177000834815 /* Base */,
			);
			name = Main.storyboard;
			sourceTree = "<group>";
		};
		120301801E78177000834815 /* LaunchScreen.storyboard */ = {
			isa = PBXVariantGroup;
			children = (
				120301811E78177000834815 /* Base */,
			);
			name = LaunchScreen.storyboard;
			sourceTree = "<group>";
		};
/* End PBXVariantGroup section */

/* Begin XCBuildConfiguration section */
		1203019A1E78177100834815 /* Debug */ = {
			isa = XCBuildConfiguration;
			buildSettings = {
				ALWAYS_SEARCH_USER_PATHS = NO;
				CLANG_ANALYZER_NONNULL = YES;
				CLANG_CXX_LANGUAGE_STANDARD = "gnu++0x";
				CLANG_CXX_LIBRARY = "libc++";
				CLANG_ENABLE_MODULES = YES;
				CLANG_ENABLE_OBJC_ARC = YES;
				CLANG_WARN_BOOL_CONVERSION = YES;
				CLANG_WARN_CONSTANT_CONVERSION = YES;
				CLANG_WARN_DIRECT_OBJC_ISA_USAGE = YES_ERROR;
				CLANG_WARN_DOCUMENTATION_COMMENTS = YES;
				CLANG_WARN_EMPTY_BODY = YES;
				CLANG_WARN_ENUM_CONVERSION = YES;
				CLANG_WARN_INFINITE_RECURSION = YES;
				CLANG_WARN_INT_CONVERSION = YES;
				CLANG_WARN_OBJC_ROOT_CLASS = YES_ERROR;
				CLANG_WARN_SUSPICIOUS_MOVE = YES;
				CLANG_WARN_UNREACHABLE_CODE = YES;
				CLANG_WARN__DUPLICATE_METHOD_MATCH = YES;
				"CODE_SIGN_IDENTITY[sdk=iphoneos*]" = "iPhone Developer";
				COPY_PHASE_STRIP = NO;
				DEBUG_INFORMATION_FORMAT = dwarf;
				ENABLE_STRICT_OBJC_MSGSEND = YES;
				ENABLE_TESTABILITY = YES;
				GCC_C_LANGUAGE_STANDARD = gnu99;
				GCC_DYNAMIC_NO_PIC = NO;
				GCC_NO_COMMON_BLOCKS = YES;
				GCC_OPTIMIZATION_LEVEL = 0;
				GCC_PREPROCESSOR_DEFINITIONS = (
					"DEBUG=1",
					"$(inherited)",
				);
				GCC_WARN_64_TO_32_BIT_CONVERSION = YES;
				GCC_WARN_ABOUT_RETURN_TYPE = YES_ERROR;
				GCC_WARN_UNDECLARED_SELECTOR = YES;
				GCC_WARN_UNINITIALIZED_AUTOS = YES_AGGRESSIVE;
				GCC_WARN_UNUSED_FUNCTION = YES;
				GCC_WARN_UNUSED_VARIABLE = YES;
				IPHONEOS_DEPLOYMENT_TARGET = 10.2;
				MTL_ENABLE_DEBUG_INFO = YES;
				ONLY_ACTIVE_ARCH = YES;
				SDKROOT = iphoneos;
				SWIFT_ACTIVE_COMPILATION_CONDITIONS = DEBUG;
				SWIFT_OPTIMIZATION_LEVEL = "-Onone";
				TARGETED_DEVICE_FAMILY = "1,2";
			};
			name = Debug;
		};
		1203019B1E78177100834815 /* Release */ = {
			isa = XCBuildConfiguration;
			buildSettings = {
				ALWAYS_SEARCH_USER_PATHS = NO;
				CLANG_ANALYZER_NONNULL = YES;
				CLANG_CXX_LANGUAGE_STANDARD = "gnu++0x";
				CLANG_CXX_LIBRARY = "libc++";
				CLANG_ENABLE_MODULES = YES;
				CLANG_ENABLE_OBJC_ARC = YES;
				CLANG_WARN_BOOL_CONVERSION = YES;
				CLANG_WARN_CONSTANT_CONVERSION = YES;
				CLANG_WARN_DIRECT_OBJC_ISA_USAGE = YES_ERROR;
				CLANG_WARN_DOCUMENTATION_COMMENTS = YES;
				CLANG_WARN_EMPTY_BODY = YES;
				CLANG_WARN_ENUM_CONVERSION = YES;
				CLANG_WARN_INFINITE_RECURSION = YES;
				CLANG_WARN_INT_CONVERSION = YES;
				CLANG_WARN_OBJC_ROOT_CLASS = YES_ERROR;
				CLANG_WARN_SUSPICIOUS_MOVE = YES;
				CLANG_WARN_UNREACHABLE_CODE = YES;
				CLANG_WARN__DUPLICATE_METHOD_MATCH = YES;
				"CODE_SIGN_IDENTITY[sdk=iphoneos*]" = "iPhone Developer";
				COPY_PHASE_STRIP = NO;
				DEBUG_INFORMATION_FORMAT = "dwarf-with-dsym";
				ENABLE_NS_ASSERTIONS = NO;
				ENABLE_STRICT_OBJC_MSGSEND = YES;
				GCC_C_LANGUAGE_STANDARD = gnu99;
				GCC_NO_COMMON_BLOCKS = YES;
				GCC_WARN_64_TO_32_BIT_CONVERSION = YES;
				GCC_WARN_ABOUT_RETURN_TYPE = YES_ERROR;
				GCC_WARN_UNDECLARED_SELECTOR = YES;
				GCC_WARN_UNINITIALIZED_AUTOS = YES_AGGRESSIVE;
				GCC_WARN_UNUSED_FUNCTION = YES;
				GCC_WARN_UNUSED_VARIABLE = YES;
				IPHONEOS_DEPLOYMENT_TARGET = 10.2;
				MTL_ENABLE_DEBUG_INFO = NO;
				SDKROOT = iphoneos;
				SWIFT_OPTIMIZATION_LEVEL = "-Owholemodule";
				TARGETED_DEVICE_FAMILY = "1,2";
				VALIDATE_PRODUCT = YES;
			};
			name = Release;
		};
		1203019D1E78177100834815 /* Debug */ = {
			isa = XCBuildConfiguration;
			baseConfigurationReference = 8B1057F0EF3E1B79B9FBF399 /* Pods-ToDoList.debug.xcconfig */;
			buildSettings = {
				ASSETCATALOG_COMPILER_APPICON_NAME = AppIcon;
				INFOPLIST_FILE = ToDoList/Info.plist;
				LD_RUNPATH_SEARCH_PATHS = "$(inherited) @executable_path/Frameworks";
				PRODUCT_BUNDLE_IDENTIFIER = com.KSG.ToDoList;
				PRODUCT_NAME = "$(TARGET_NAME)";
				SWIFT_VERSION = 3.0;
			};
			name = Debug;
		};
		1203019E1E78177100834815 /* Release */ = {
			isa = XCBuildConfiguration;
			baseConfigurationReference = 98C7126F2B257F8B083429F8 /* Pods-ToDoList.release.xcconfig */;
			buildSettings = {
				ASSETCATALOG_COMPILER_APPICON_NAME = AppIcon;
				INFOPLIST_FILE = ToDoList/Info.plist;
				LD_RUNPATH_SEARCH_PATHS = "$(inherited) @executable_path/Frameworks";
				PRODUCT_BUNDLE_IDENTIFIER = com.KSG.ToDoList;
				PRODUCT_NAME = "$(TARGET_NAME)";
				SWIFT_VERSION = 3.0;
			};
			name = Release;
		};
		120301A01E78177100834815 /* Debug */ = {
			isa = XCBuildConfiguration;
			baseConfigurationReference = 22C79454C529F99C08FB1301 /* Pods-ToDoListTests.debug.xcconfig */;
			buildSettings = {
				ALWAYS_EMBED_SWIFT_STANDARD_LIBRARIES = YES;
				BUNDLE_LOADER = "$(TEST_HOST)";
				INFOPLIST_FILE = ToDoListTests/Info.plist;
				LD_RUNPATH_SEARCH_PATHS = "$(inherited) @executable_path/Frameworks @loader_path/Frameworks";
				PRODUCT_BUNDLE_IDENTIFIER = com.KSG.ToDoListTests;
				PRODUCT_NAME = "$(TARGET_NAME)";
				SWIFT_VERSION = 3.0;
				TEST_HOST = "$(BUILT_PRODUCTS_DIR)/ToDoList.app/ToDoList";
			};
			name = Debug;
		};
		120301A11E78177100834815 /* Release */ = {
			isa = XCBuildConfiguration;
			baseConfigurationReference = C8D86D251BC7080C2260E996 /* Pods-ToDoListTests.release.xcconfig */;
			buildSettings = {
				ALWAYS_EMBED_SWIFT_STANDARD_LIBRARIES = YES;
				BUNDLE_LOADER = "$(TEST_HOST)";
				INFOPLIST_FILE = ToDoListTests/Info.plist;
				LD_RUNPATH_SEARCH_PATHS = "$(inherited) @executable_path/Frameworks @loader_path/Frameworks";
				PRODUCT_BUNDLE_IDENTIFIER = com.KSG.ToDoListTests;
				PRODUCT_NAME = "$(TARGET_NAME)";
				SWIFT_VERSION = 3.0;
				TEST_HOST = "$(BUILT_PRODUCTS_DIR)/ToDoList.app/ToDoList";
			};
			name = Release;
		};
		120301A31E78177100834815 /* Debug */ = {
			isa = XCBuildConfiguration;
			baseConfigurationReference = 6860F9EFCB02F1C56D84BCEC /* Pods-ToDoListUITests.debug.xcconfig */;
			buildSettings = {
				ALWAYS_EMBED_SWIFT_STANDARD_LIBRARIES = YES;
				INFOPLIST_FILE = ToDoListUITests/Info.plist;
				LD_RUNPATH_SEARCH_PATHS = "$(inherited) @executable_path/Frameworks @loader_path/Frameworks";
				PRODUCT_BUNDLE_IDENTIFIER = com.KSG.ToDoListUITests;
				PRODUCT_NAME = "$(TARGET_NAME)";
				SWIFT_VERSION = 3.0;
				TEST_TARGET_NAME = ToDoList;
			};
			name = Debug;
		};
		120301A41E78177100834815 /* Release */ = {
			isa = XCBuildConfiguration;
			baseConfigurationReference = 6923EF23347D9B416253F7F9 /* Pods-ToDoListUITests.release.xcconfig */;
			buildSettings = {
				ALWAYS_EMBED_SWIFT_STANDARD_LIBRARIES = YES;
				INFOPLIST_FILE = ToDoListUITests/Info.plist;
				LD_RUNPATH_SEARCH_PATHS = "$(inherited) @executable_path/Frameworks @loader_path/Frameworks";
				PRODUCT_BUNDLE_IDENTIFIER = com.KSG.ToDoListUITests;
				PRODUCT_NAME = "$(TARGET_NAME)";
				SWIFT_VERSION = 3.0;
				TEST_TARGET_NAME = ToDoList;
			};
			name = Release;
		};
/* End XCBuildConfiguration section */

/* Begin XCConfigurationList section */
		1203016F1E78177000834815 /* Build configuration list for PBXProject "ToDoList" */ = {
			isa = XCConfigurationList;
			buildConfigurations = (
				1203019A1E78177100834815 /* Debug */,
				1203019B1E78177100834815 /* Release */,
			);
			defaultConfigurationIsVisible = 0;
			defaultConfigurationName = Release;
		};
		1203019C1E78177100834815 /* Build configuration list for PBXNativeTarget "ToDoList" */ = {
			isa = XCConfigurationList;
			buildConfigurations = (
				1203019D1E78177100834815 /* Debug */,
				1203019E1E78177100834815 /* Release */,
			);
			defaultConfigurationIsVisible = 0;
			defaultConfigurationName = Release;
		};
		1203019F1E78177100834815 /* Build configuration list for PBXNativeTarget "ToDoListTests" */ = {
			isa = XCConfigurationList;
			buildConfigurations = (
				120301A01E78177100834815 /* Debug */,
				120301A11E78177100834815 /* Release */,
			);
			defaultConfigurationIsVisible = 0;
			defaultConfigurationName = Release;
		};
		120301A21E78177100834815 /* Build configuration list for PBXNativeTarget "ToDoListUITests" */ = {
			isa = XCConfigurationList;
			buildConfigurations = (
				120301A31E78177100834815 /* Debug */,
				120301A41E78177100834815 /* Release */,
			);
			defaultConfigurationIsVisible = 0;
			defaultConfigurationName = Release;
		};
/* End XCConfigurationList section */
	};
	rootObject = 1203016C1E78177000834815 /* Project object */;
}
